// !$*UTF8*$!
{
	archiveVersion = 1;
	classes = {
	};
	objectVersion = 55;
	objects = {

/* Begin PBXBuildFile section */
		3B69473726CCC55900C8462A /* Blog_AppApp.swift in Sources */ = {isa = PBXBuildFile; fileRef = 3B69473626CCC55900C8462A /* Blog_AppApp.swift */; };
		3B69473926CCC55900C8462A /* ContentView.swift in Sources */ = {isa = PBXBuildFile; fileRef = 3B69473826CCC55900C8462A /* ContentView.swift */; };
		3B69473B26CCC55E00C8462A /* Assets.xcassets in Resources */ = {isa = PBXBuildFile; fileRef = 3B69473A26CCC55E00C8462A /* Assets.xcassets */; };
		3B69473E26CCC55E00C8462A /* Preview Assets.xcassets in Resources */ = {isa = PBXBuildFile; fileRef = 3B69473D26CCC55E00C8462A /* Preview Assets.xcassets */; };
		3B69474826CCC55E00C8462A /* Blog_AppTests.swift in Sources */ = {isa = PBXBuildFile; fileRef = 3B69474726CCC55E00C8462A /* Blog_AppTests.swift */; };
		3B69475226CCC55F00C8462A /* Blog_AppUITests.swift in Sources */ = {isa = PBXBuildFile; fileRef = 3B69475126CCC55F00C8462A /* Blog_AppUITests.swift */; };
		3B69475426CCC55F00C8462A /* Blog_AppUITestsLaunchTests.swift in Sources */ = {isa = PBXBuildFile; fileRef = 3B69475326CCC55F00C8462A /* Blog_AppUITestsLaunchTests.swift */; };
		3BFB21F226CCC9B90040D4D7 /* GoogleService-Info.plist in Resources */ = {isa = PBXBuildFile; fileRef = 3BFB21F126CCC9B90040D4D7 /* GoogleService-Info.plist */; };
/* End PBXBuildFile section */

/* Begin PBXContainerItemProxy section */
		3B69474426CCC55E00C8462A /* PBXContainerItemProxy */ = {
			isa = PBXContainerItemProxy;
			containerPortal = 3B69472B26CCC55900C8462A /* Project object */;
			proxyType = 1;
			remoteGlobalIDString = 3B69473226CCC55900C8462A;
			remoteInfo = "Blog App";
		};
		3B69474E26CCC55F00C8462A /* PBXContainerItemProxy */ = {
			isa = PBXContainerItemProxy;
			containerPortal = 3B69472B26CCC55900C8462A /* Project object */;
			proxyType = 1;
			remoteGlobalIDString = 3B69473226CCC55900C8462A;
			remoteInfo = "Blog App";
		};
/* End PBXContainerItemProxy section */

/* Begin PBXFileReference section */
		3B69473326CCC55900C8462A /* Blog App.app */ = {isa = PBXFileReference; explicitFileType = wrapper.application; includeInIndex = 0; path = "Blog App.app"; sourceTree = BUILT_PRODUCTS_DIR; };
		3B69473626CCC55900C8462A /* Blog_AppApp.swift */ = {isa = PBXFileReference; lastKnownFileType = sourcecode.swift; path = Blog_AppApp.swift; sourceTree = "<group>"; };
		3B69473826CCC55900C8462A /* ContentView.swift */ = {isa = PBXFileReference; lastKnownFileType = sourcecode.swift; path = ContentView.swift; sourceTree = "<group>"; };
		3B69473A26CCC55E00C8462A /* Assets.xcassets */ = {isa = PBXFileReference; lastKnownFileType = folder.assetcatalog; path = Assets.xcassets; sourceTree = "<group>"; };
		3B69473D26CCC55E00C8462A /* Preview Assets.xcassets */ = {isa = PBXFileReference; lastKnownFileType = folder.assetcatalog; path = "Preview Assets.xcassets"; sourceTree = "<group>"; };
		3B69474326CCC55E00C8462A /* Blog AppTests.xctest */ = {isa = PBXFileReference; explicitFileType = wrapper.cfbundle; includeInIndex = 0; path = "Blog AppTests.xctest"; sourceTree = BUILT_PRODUCTS_DIR; };
		3B69474726CCC55E00C8462A /* Blog_AppTests.swift */ = {isa = PBXFileReference; lastKnownFileType = sourcecode.swift; path = Blog_AppTests.swift; sourceTree = "<group>"; };
		3B69474D26CCC55F00C8462A /* Blog AppUITests.xctest */ = {isa = PBXFileReference; explicitFileType = wrapper.cfbundle; includeInIndex = 0; path = "Blog AppUITests.xctest"; sourceTree = BUILT_PRODUCTS_DIR; };
		3B69475126CCC55F00C8462A /* Blog_AppUITests.swift */ = {isa = PBXFileReference; lastKnownFileType = sourcecode.swift; path = Blog_AppUITests.swift; sourceTree = "<group>"; };
		3B69475326CCC55F00C8462A /* Blog_AppUITestsLaunchTests.swift */ = {isa = PBXFileReference; lastKnownFileType = sourcecode.swift; path = Blog_AppUITestsLaunchTests.swift; sourceTree = "<group>"; };
		3BFB21F126CCC9B90040D4D7 /* GoogleService-Info.plist */ = {isa = PBXFileReference; fileEncoding = 4; lastKnownFileType = text.plist.xml; path = "GoogleService-Info.plist"; sourceTree = "<group>"; };
/* End PBXFileReference section */

/* Begin PBXFrameworksBuildPhase section */
		3B69473026CCC55900C8462A /* Frameworks */ = {
			isa = PBXFrameworksBuildPhase;
			buildActionMask = 2147483647;
			files = (
			);
			runOnlyForDeploymentPostprocessing = 0;
		};
		3B69474026CCC55E00C8462A /* Frameworks */ = {
			isa = PBXFrameworksBuildPhase;
			buildActionMask = 2147483647;
			files = (
			);
			runOnlyForDeploymentPostprocessing = 0;
		};
		3B69474A26CCC55F00C8462A /* Frameworks */ = {
			isa = PBXFrameworksBuildPhase;
			buildActionMask = 2147483647;
			files = (
			);
			runOnlyForDeploymentPostprocessing = 0;
		};
/* End PBXFrameworksBuildPhase section */

/* Begin PBXGroup section */
		3B69472A26CCC55900C8462A = {
			isa = PBXGroup;
			children = (
				3B69473526CCC55900C8462A /* Blog App */,
				3B69474626CCC55E00C8462A /* Blog AppTests */,
				3B69475026CCC55F00C8462A /* Blog AppUITests */,
				3B69473426CCC55900C8462A /* Products */,
			);
			sourceTree = "<group>";
		};
		3B69473426CCC55900C8462A /* Products */ = {
			isa = PBXGroup;
			children = (
				3B69473326CCC55900C8462A /* Blog App.app */,
				3B69474326CCC55E00C8462A /* Blog AppTests.xctest */,
				3B69474D26CCC55F00C8462A /* Blog AppUITests.xctest */,
			);
			name = Products;
			sourceTree = "<group>";
		};
		3B69473526CCC55900C8462A /* Blog App */ = {
			isa = PBXGroup;
			children = (
				3B69473626CCC55900C8462A /* Blog_AppApp.swift */,
				3B69473826CCC55900C8462A /* ContentView.swift */,
				3B69473A26CCC55E00C8462A /* Assets.xcassets */,
				3BFB21F126CCC9B90040D4D7 /* GoogleService-Info.plist */,
				3B69473C26CCC55E00C8462A /* Preview Content */,
			);
			path = "Blog App";
			sourceTree = "<group>";
		};
		3B69473C26CCC55E00C8462A /* Preview Content */ = {
			isa = PBXGroup;
			children = (
				3B69473D26CCC55E00C8462A /* Preview Assets.xcassets */,
			);
			path = "Preview Content";
			sourceTree = "<group>";
		};
		3B69474626CCC55E00C8462A /* Blog AppTests */ = {
			isa = PBXGroup;
			children = (
				3B69474726CCC55E00C8462A /* Blog_AppTests.swift */,
			);
			path = "Blog AppTests";
			sourceTree = "<group>";
		};
		3B69475026CCC55F00C8462A /* Blog AppUITests */ = {
			isa = PBXGroup;
			children = (
				3B69475126CCC55F00C8462A /* Blog_AppUITests.swift */,
				3B69475326CCC55F00C8462A /* Blog_AppUITestsLaunchTests.swift */,
			);
			path = "Blog AppUITests";
			sourceTree = "<group>";
		};
/* End PBXGroup section */

/* Begin PBXNativeTarget section */
		3B69473226CCC55900C8462A /* Blog App */ = {
			isa = PBXNativeTarget;
			buildConfigurationList = 3B69475726CCC55F00C8462A /* Build configuration list for PBXNativeTarget "Blog App" */;
			buildPhases = (
				3B69472F26CCC55900C8462A /* Sources */,
				3B69473026CCC55900C8462A /* Frameworks */,
				3B69473126CCC55900C8462A /* Resources */,
			);
			buildRules = (
			);
			dependencies = (
			);
			name = "Blog App";
			productName = "Blog App";
			productReference = 3B69473326CCC55900C8462A /* Blog App.app */;
			productType = "com.apple.product-type.application";
		};
		3B69474226CCC55E00C8462A /* Blog AppTests */ = {
			isa = PBXNativeTarget;
			buildConfigurationList = 3B69475A26CCC55F00C8462A /* Build configuration list for PBXNativeTarget "Blog AppTests" */;
			buildPhases = (
				3B69473F26CCC55E00C8462A /* Sources */,
				3B69474026CCC55E00C8462A /* Frameworks */,
				3B69474126CCC55E00C8462A /* Resources */,
			);
			buildRules = (
			);
			dependencies = (
				3B69474526CCC55E00C8462A /* PBXTargetDependency */,
			);
			name = "Blog AppTests";
			productName = "Blog AppTests";
			productReference = 3B69474326CCC55E00C8462A /* Blog AppTests.xctest */;
			productType = "com.apple.product-type.bundle.unit-test";
		};
		3B69474C26CCC55F00C8462A /* Blog AppUITests */ = {
			isa = PBXNativeTarget;
			buildConfigurationList = 3B69475D26CCC55F00C8462A /* Build configuration list for PBXNativeTarget "Blog AppUITests" */;
			buildPhases = (
				3B69474926CCC55F00C8462A /* Sources */,
				3B69474A26CCC55F00C8462A /* Frameworks */,
				3B69474B26CCC55F00C8462A /* Resources */,
			);
			buildRules = (
			);
			dependencies = (
				3B69474F26CCC55F00C8462A /* PBXTargetDependency */,
			);
			name = "Blog AppUITests";
			productName = "Blog AppUITests";
			productReference = 3B69474D26CCC55F00C8462A /* Blog AppUITests.xctest */;
			productType = "com.apple.product-type.bundle.ui-testing";
		};
/* End PBXNativeTarget section */

/* Begin PBXProject section */
		3B69472B26CCC55900C8462A /* Project object */ = {
			isa = PBXProject;
			attributes = {
				BuildIndependentTargetsInParallel = 1;
				LastSwiftUpdateCheck = 1300;
				LastUpgradeCheck = 1300;
				TargetAttributes = {
					3B69473226CCC55900C8462A = {
						CreatedOnToolsVersion = 13.0;
					};
					3B69474226CCC55E00C8462A = {
						CreatedOnToolsVersion = 13.0;
						TestTargetID = 3B69473226CCC55900C8462A;
					};
					3B69474C26CCC55F00C8462A = {
						CreatedOnToolsVersion = 13.0;
						TestTargetID = 3B69473226CCC55900C8462A;
					};
				};
			};
			buildConfigurationList = 3B69472E26CCC55900C8462A /* Build configuration list for PBXProject "Blog App" */;
			compatibilityVersion = "Xcode 13.0";
			developmentRegion = en;
			hasScannedForEncodings = 0;
			knownRegions = (
				en,
				Base,
			);
			mainGroup = 3B69472A26CCC55900C8462A;
			productRefGroup = 3B69473426CCC55900C8462A /* Products */;
			projectDirPath = "";
			projectRoot = "";
			targets = (
				3B69473226CCC55900C8462A /* Blog App */,
				3B69474226CCC55E00C8462A /* Blog AppTests */,
				3B69474C26CCC55F00C8462A /* Blog AppUITests */,
			);
		};
/* End PBXProject section */

/* Begin PBXResourcesBuildPhase section */
		3B69473126CCC55900C8462A /* Resources */ = {
			isa = PBXResourcesBuildPhase;
			buildActionMask = 2147483647;
			files = (
				3B69473E26CCC55E00C8462A /* Preview Assets.xcassets in Resources */,
				3B69473B26CCC55E00C8462A /* Assets.xcassets in Resources */,
				3BFB21F226CCC9B90040D4D7 /* GoogleService-Info.plist in Resources */,
			);
			runOnlyForDeploymentPostprocessing = 0;
		};
		3B69474126CCC55E00C8462A /* Resources */ = {
			isa = PBXResourcesBuildPhase;
			buildActionMask = 2147483647;
			files = (
			);
			runOnlyForDeploymentPostprocessing = 0;
		};
		3B69474B26CCC55F00C8462A /* Resources */ = {
			isa = PBXResourcesBuildPhase;
			buildActionMask = 2147483647;
			files = (
			);
			runOnlyForDeploymentPostprocessing = 0;
		};
/* End PBXResourcesBuildPhase section */

/* Begin PBXSourcesBuildPhase section */
		3B69472F26CCC55900C8462A /* Sources */ = {
			isa = PBXSourcesBuildPhase;
			buildActionMask = 2147483647;
			files = (
				3B69473926CCC55900C8462A /* ContentView.swift in Sources */,
				3B69473726CCC55900C8462A /* Blog_AppApp.swift in Sources */,
			);
			runOnlyForDeploymentPostprocessing = 0;
		};
		3B69473F26CCC55E00C8462A /* Sources */ = {
			isa = PBXSourcesBuildPhase;
			buildActionMask = 2147483647;
			files = (
				3B69474826CCC55E00C8462A /* Blog_AppTests.swift in Sources */,
			);
			runOnlyForDeploymentPostprocessing = 0;
		};
		3B69474926CCC55F00C8462A /* Sources */ = {
			isa = PBXSourcesBuildPhase;
			buildActionMask = 2147483647;
			files = (
				3B69475426CCC55F00C8462A /* Blog_AppUITestsLaunchTests.swift in Sources */,
				3B69475226CCC55F00C8462A /* Blog_AppUITests.swift in Sources */,
			);
			runOnlyForDeploymentPostprocessing = 0;
		};
/* End PBXSourcesBuildPhase section */

/* Begin PBXTargetDependency section */
		3B69474526CCC55E00C8462A /* PBXTargetDependency */ = {
			isa = PBXTargetDependency;
			target = 3B69473226CCC55900C8462A /* Blog App */;
			targetProxy = 3B69474426CCC55E00C8462A /* PBXContainerItemProxy */;
		};
		3B69474F26CCC55F00C8462A /* PBXTargetDependency */ = {
			isa = PBXTargetDependency;
			target = 3B69473226CCC55900C8462A /* Blog App */;
			targetProxy = 3B69474E26CCC55F00C8462A /* PBXContainerItemProxy */;
		};
/* End PBXTargetDependency section */

/* Begin XCBuildConfiguration section */
		3B69475526CCC55F00C8462A /* Debug */ = {
			isa = XCBuildConfiguration;
			buildSettings = {
				ALWAYS_SEARCH_USER_PATHS = NO;
				CLANG_ANALYZER_NONNULL = YES;
				CLANG_ANALYZER_NUMBER_OBJECT_CONVERSION = YES_AGGRESSIVE;
				CLANG_CXX_LANGUAGE_STANDARD = "gnu++17";
				CLANG_CXX_LIBRARY = "libc++";
				CLANG_ENABLE_MODULES = YES;
				CLANG_ENABLE_OBJC_ARC = YES;
				CLANG_ENABLE_OBJC_WEAK = YES;
				CLANG_WARN_BLOCK_CAPTURE_AUTORELEASING = YES;
				CLANG_WARN_BOOL_CONVERSION = YES;
				CLANG_WARN_COMMA = YES;
				CLANG_WARN_CONSTANT_CONVERSION = YES;
				CLANG_WARN_DEPRECATED_OBJC_IMPLEMENTATIONS = YES;
				CLANG_WARN_DIRECT_OBJC_ISA_USAGE = YES_ERROR;
				CLANG_WARN_DOCUMENTATION_COMMENTS = YES;
				CLANG_WARN_EMPTY_BODY = YES;
				CLANG_WARN_ENUM_CONVERSION = YES;
				CLANG_WARN_INFINITE_RECURSION = YES;
				CLANG_WARN_INT_CONVERSION = YES;
				CLANG_WARN_NON_LITERAL_NULL_CONVERSION = YES;
				CLANG_WARN_OBJC_IMPLICIT_RETAIN_SELF = YES;
				CLANG_WARN_OBJC_LITERAL_CONVERSION = YES;
				CLANG_WARN_OBJC_ROOT_CLASS = YES_ERROR;
				CLANG_WARN_QUOTED_INCLUDE_IN_FRAMEWORK_HEADER = YES;
				CLANG_WARN_RANGE_LOOP_ANALYSIS = YES;
				CLANG_WARN_STRICT_PROTOTYPES = YES;
				CLANG_WARN_SUSPICIOUS_MOVE = YES;
				CLANG_WARN_UNGUARDED_AVAILABILITY = YES_AGGRESSIVE;
				CLANG_WARN_UNREACHABLE_CODE = YES;
				CLANG_WARN__DUPLICATE_METHOD_MATCH = YES;
				COPY_PHASE_STRIP = NO;
				DEBUG_INFORMATION_FORMAT = dwarf;
				ENABLE_STRICT_OBJC_MSGSEND = YES;
				ENABLE_TESTABILITY = YES;
				GCC_C_LANGUAGE_STANDARD = gnu11;
				GCC_DYNAMIC_NO_PIC = NO;
				GCC_NO_COMMON_BLOCKS = YES;
				GCC_OPTIMIZATION_LEVEL = 0;
				GCC_PREPROCESSOR_DEFINITIONS = (
					"DEBUG=1",
					"$(inherited)",
				);
				GCC_WARN_64_TO_32_BIT_CONVERSION = YES;
				GCC_WARN_ABOUT_RETURN_TYPE = YES_ERROR;
				GCC_WARN_UNDECLARED_SELECTOR = YES;
				GCC_WARN_UNINITIALIZED_AUTOS = YES_AGGRESSIVE;
				GCC_WARN_UNUSED_FUNCTION = YES;
				GCC_WARN_UNUSED_VARIABLE = YES;
				IPHONEOS_DEPLOYMENT_TARGET = 15.0;
				MTL_ENABLE_DEBUG_INFO = INCLUDE_SOURCE;
				MTL_FAST_MATH = YES;
				ONLY_ACTIVE_ARCH = YES;
				SDKROOT = iphoneos;
				SWIFT_ACTIVE_COMPILATION_CONDITIONS = DEBUG;
				SWIFT_OPTIMIZATION_LEVEL = "-Onone";
			};
			name = Debug;
		};
		3B69475626CCC55F00C8462A /* Release */ = {
			isa = XCBuildConfiguration;
			buildSettings = {
				ALWAYS_SEARCH_USER_PATHS = NO;
				CLANG_ANALYZER_NONNULL = YES;
				CLANG_ANALYZER_NUMBER_OBJECT_CONVERSION = YES_AGGRESSIVE;
				CLANG_CXX_LANGUAGE_STANDARD = "gnu++17";
				CLANG_CXX_LIBRARY = "libc++";
				CLANG_ENABLE_MODULES = YES;
				CLANG_ENABLE_OBJC_ARC = YES;
				CLANG_ENABLE_OBJC_WEAK = YES;
				CLANG_WARN_BLOCK_CAPTURE_AUTORELEASING = YES;
				CLANG_WARN_BOOL_CONVERSION = YES;
				CLANG_WARN_COMMA = YES;
				CLANG_WARN_CONSTANT_CONVERSION = YES;
				CLANG_WARN_DEPRECATED_OBJC_IMPLEMENTATIONS = YES;
				CLANG_WARN_DIRECT_OBJC_ISA_USAGE = YES_ERROR;
				CLANG_WARN_DOCUMENTATION_COMMENTS = YES;
				CLANG_WARN_EMPTY_BODY = YES;
				CLANG_WARN_ENUM_CONVERSION = YES;
				CLANG_WARN_INFINITE_RECURSION = YES;
				CLANG_WARN_INT_CONVERSION = YES;
				CLANG_WARN_NON_LITERAL_NULL_CONVERSION = YES;
				CLANG_WARN_OBJC_IMPLICIT_RETAIN_SELF = YES;
				CLANG_WARN_OBJC_LITERAL_CONVERSION = YES;
				CLANG_WARN_OBJC_ROOT_CLASS = YES_ERROR;
				CLANG_WARN_QUOTED_INCLUDE_IN_FRAMEWORK_HEADER = YES;
				CLANG_WARN_RANGE_LOOP_ANALYSIS = YES;
				CLANG_WARN_STRICT_PROTOTYPES = YES;
				CLANG_WARN_SUSPICIOUS_MOVE = YES;
				CLANG_WARN_UNGUARDED_AVAILABILITY = YES_AGGRESSIVE;
				CLANG_WARN_UNREACHABLE_CODE = YES;
				CLANG_WARN__DUPLICATE_METHOD_MATCH = YES;
				COPY_PHASE_STRIP = NO;
				DEBUG_INFORMATION_FORMAT = "dwarf-with-dsym";
				ENABLE_NS_ASSERTIONS = NO;
				ENABLE_STRICT_OBJC_MSGSEND = YES;
				GCC_C_LANGUAGE_STANDARD = gnu11;
				GCC_NO_COMMON_BLOCKS = YES;
				GCC_WARN_64_TO_32_BIT_CONVERSION = YES;
				GCC_WARN_ABOUT_RETURN_TYPE = YES_ERROR;
				GCC_WARN_UNDECLARED_SELECTOR = YES;
				GCC_WARN_UNINITIALIZED_AUTOS = YES_AGGRESSIVE;
				GCC_WARN_UNUSED_FUNCTION = YES;
				GCC_WARN_UNUSED_VARIABLE = YES;
				IPHONEOS_DEPLOYMENT_TARGET = 15.0;
				MTL_ENABLE_DEBUG_INFO = NO;
				MTL_FAST_MATH = YES;
				SDKROOT = iphoneos;
				SWIFT_COMPILATION_MODE = wholemodule;
				SWIFT_OPTIMIZATION_LEVEL = "-O";
				VALIDATE_PRODUCT = YES;
			};
			name = Release;
		};
		3B69475826CCC55F00C8462A /* Debug */ = {
			isa = XCBuildConfiguration;
			buildSettings = {
				ASSETCATALOG_COMPILER_APPICON_NAME = AppIcon;
				ASSETCATALOG_COMPILER_GLOBAL_ACCENT_COLOR_NAME = AccentColor;
				CODE_SIGN_STYLE = Automatic;
				CURRENT_PROJECT_VERSION = 1;
				DEVELOPMENT_ASSET_PATHS = "\"Blog App/Preview Content\"";
				DEVELOPMENT_TEAM = T36TC3XHYJ;
				ENABLE_PREVIEWS = YES;
				GENERATE_INFOPLIST_FILE = YES;
				INFOPLIST_KEY_UIApplicationSceneManifest_Generation = YES;
				INFOPLIST_KEY_UIApplicationSupportsIndirectInputEvents = YES;
				INFOPLIST_KEY_UILaunchScreen_Generation = YES;
				INFOPLIST_KEY_UISupportedInterfaceOrientations_iPad = "UIInterfaceOrientationPortrait UIInterfaceOrientationPortraitUpsideDown UIInterfaceOrientationLandscapeLeft UIInterfaceOrientationLandscapeRight";
				INFOPLIST_KEY_UISupportedInterfaceOrientations_iPhone = "UIInterfaceOrientationPortrait UIInterfaceOrientationLandscapeLeft UIInterfaceOrientationLandscapeRight";
				IPHONEOS_DEPLOYMENT_TARGET = 14.0;
				LD_RUNPATH_SEARCH_PATHS = (
					"$(inherited)",
					"@executable_path/Frameworks",
				);
				MARKETING_VERSION = 1.0;
				PRODUCT_BUNDLE_IDENTIFIER = "com.justin747.Blog-App";
				PRODUCT_NAME = "$(TARGET_NAME)";
				SWIFT_EMIT_LOC_STRINGS = YES;
				SWIFT_VERSION = 5.0;
				TARGETED_DEVICE_FAMILY = "1,2";
			};
			name = Debug;
		};
		3B69475926CCC55F00C8462A /* Release */ = {
			isa = XCBuildConfiguration;
			buildSettings = {
				ASSETCATALOG_COMPILER_APPICON_NAME = AppIcon;
				ASSETCATALOG_COMPILER_GLOBAL_ACCENT_COLOR_NAME = AccentColor;
				CODE_SIGN_STYLE = Automatic;
				CURRENT_PROJECT_VERSION = 1;
				DEVELOPMENT_ASSET_PATHS = "\"Blog App/Preview Content\"";
				DEVELOPMENT_TEAM = T36TC3XHYJ;
				ENABLE_PREVIEWS = YES;
				GENERATE_INFOPLIST_FILE = YES;
				INFOPLIST_KEY_UIApplicationSceneManifest_Generation = YES;
				INFOPLIST_KEY_UIApplicationSupportsIndirectInputEvents = YES;
				INFOPLIST_KEY_UILaunchScreen_Generation = YES;
				INFOPLIST_KEY_UISupportedInterfaceOrientations_iPad = "UIInterfaceOrientationPortrait UIInterfaceOrientationPortraitUpsideDown UIInterfaceOrientationLandscapeLeft UIInterfaceOrientationLandscapeRight";
				INFOPLIST_KEY_UISupportedInterfaceOrientations_iPhone = "UIInterfaceOrientationPortrait UIInterfaceOrientationLandscapeLeft UIInterfaceOrientationLandscapeRight";
				IPHONEOS_DEPLOYMENT_TARGET = 14.0;
				LD_RUNPATH_SEARCH_PATHS = (
					"$(inherited)",
					"@executable_path/Frameworks",
				);
				MARKETING_VERSION = 1.0;
				PRODUCT_BUNDLE_IDENTIFIER = "com.justin747.Blog-App";
				PRODUCT_NAME = "$(TARGET_NAME)";
				SWIFT_EMIT_LOC_STRINGS = YES;
				SWIFT_VERSION = 5.0;
				TARGETED_DEVICE_FAMILY = "1,2";
			};
			name = Release;
		};
		3B69475B26CCC55F00C8462A /* Debug */ = {
			isa = XCBuildConfiguration;
			buildSettings = {
				ALWAYS_EMBED_SWIFT_STANDARD_LIBRARIES = YES;
				BUNDLE_LOADER = "$(TEST_HOST)";
				CODE_SIGN_STYLE = Automatic;
				CURRENT_PROJECT_VERSION = 1;
				DEVELOPMENT_TEAM = T36TC3XHYJ;
				GENERATE_INFOPLIST_FILE = YES;
				IPHONEOS_DEPLOYMENT_TARGET = 14.0;
				LD_RUNPATH_SEARCH_PATHS = (
					"$(inherited)",
					"@executable_path/Frameworks",
					"@loader_path/Frameworks",
				);
				MARKETING_VERSION = 1.0;
				PRODUCT_BUNDLE_IDENTIFIER = "com.justin747.Blog-AppTests";
				PRODUCT_NAME = "$(TARGET_NAME)";
				SWIFT_EMIT_LOC_STRINGS = NO;
				SWIFT_VERSION = 5.0;
				TARGETED_DEVICE_FAMILY = "1,2";
				TEST_HOST = "$(BUILT_PRODUCTS_DIR)/Blog App.app/Blog App";
			};
			name = Debug;
		};
		3B69475C26CCC55F00C8462A /* Release */ = {
			isa = XCBuildConfiguration;
			buildSettings = {
				ALWAYS_EMBED_SWIFT_STANDARD_LIBRARIES = YES;
				BUNDLE_LOADER = "$(TEST_HOST)";
				CODE_SIGN_STYLE = Automatic;
				CURRENT_PROJECT_VERSION = 1;
				DEVELOPMENT_TEAM = T36TC3XHYJ;
				GENERATE_INFOPLIST_FILE = YES;
				IPHONEOS_DEPLOYMENT_TARGET = 14.0;
				LD_RUNPATH_SEARCH_PATHS = (
					"$(inherited)",
					"@executable_path/Frameworks",
					"@loader_path/Frameworks",
				);
				MARKETING_VERSION = 1.0;
				PRODUCT_BUNDLE_IDENTIFIER = "com.justin747.Blog-AppTests";
				PRODUCT_NAME = "$(TARGET_NAME)";
				SWIFT_EMIT_LOC_STRINGS = NO;
				SWIFT_VERSION = 5.0;
				TARGETED_DEVICE_FAMILY = "1,2";
				TEST_HOST = "$(BUILT_PRODUCTS_DIR)/Blog App.app/Blog App";
			};
			name = Release;
		};
		3B69475E26CCC55F00C8462A /* Debug */ = {
			isa = XCBuildConfiguration;
			buildSettings = {
				ALWAYS_EMBED_SWIFT_STANDARD_LIBRARIES = YES;
				CODE_SIGN_STYLE = Automatic;
				CURRENT_PROJECT_VERSION = 1;
				DEVELOPMENT_TEAM = T36TC3XHYJ;
				GENERATE_INFOPLIST_FILE = YES;
				LD_RUNPATH_SEARCH_PATHS = (
					"$(inherited)",
					"@executable_path/Frameworks",
					"@loader_path/Frameworks",
				);
				MARKETING_VERSION = 1.0;
				PRODUCT_BUNDLE_IDENTIFIER = "com.justin747.Blog-AppUITests";
				PRODUCT_NAME = "$(TARGET_NAME)";
				SWIFT_EMIT_LOC_STRINGS = NO;
				SWIFT_VERSION = 5.0;
				TARGETED_DEVICE_FAMILY = "1,2";
				TEST_TARGET_NAME = "Blog App";
			};
			name = Debug;
		};
		3B69475F26CCC55F00C8462A /* Release */ = {
			isa = XCBuildConfiguration;
			buildSettings = {
				ALWAYS_EMBED_SWIFT_STANDARD_LIBRARIES = YES;
				CODE_SIGN_STYLE = Automatic;
				CURRENT_PROJECT_VERSION = 1;
				DEVELOPMENT_TEAM = T36TC3XHYJ;
				GENERATE_INFOPLIST_FILE = YES;
				LD_RUNPATH_SEARCH_PATHS = (
					"$(inherited)",
					"@executable_path/Frameworks",
					"@loader_path/Frameworks",
				);
				MARKETING_VERSION = 1.0;
				PRODUCT_BUNDLE_IDENTIFIER = "com.justin747.Blog-AppUITests";
				PRODUCT_NAME = "$(TARGET_NAME)";
				SWIFT_EMIT_LOC_STRINGS = NO;
				SWIFT_VERSION = 5.0;
				TARGETED_DEVICE_FAMILY = "1,2";
				TEST_TARGET_NAME = "Blog App";
			};
			name = Release;
		};
/* End XCBuildConfiguration section */

/* Begin XCConfigurationList section */
		3B69472E26CCC55900C8462A /* Build configuration list for PBXProject "Blog App" */ = {
			isa = XCConfigurationList;
			buildConfigurations = (
				3B69475526CCC55F00C8462A /* Debug */,
				3B69475626CCC55F00C8462A /* Release */,
			);
			defaultConfigurationIsVisible = 0;
			defaultConfigurationName = Release;
		};
		3B69475726CCC55F00C8462A /* Build configuration list for PBXNativeTarget "Blog App" */ = {
			isa = XCConfigurationList;
			buildConfigurations = (
				3B69475826CCC55F00C8462A /* Debug */,
				3B69475926CCC55F00C8462A /* Release */,
			);
			defaultConfigurationIsVisible = 0;
			defaultConfigurationName = Release;
		};
		3B69475A26CCC55F00C8462A /* Build configuration list for PBXNativeTarget "Blog AppTests" */ = {
			isa = XCConfigurationList;
			buildConfigurations = (
				3B69475B26CCC55F00C8462A /* Debug */,
				3B69475C26CCC55F00C8462A /* Release */,
			);
			defaultConfigurationIsVisible = 0;
			defaultConfigurationName = Release;
		};
		3B69475D26CCC55F00C8462A /* Build configuration list for PBXNativeTarget "Blog AppUITests" */ = {
			isa = XCConfigurationList;
			buildConfigurations = (
				3B69475E26CCC55F00C8462A /* Debug */,
				3B69475F26CCC55F00C8462A /* Release */,
			);
			defaultConfigurationIsVisible = 0;
			defaultConfigurationName = Release;
		};
/* End XCConfigurationList section */
	};
	rootObject = 3B69472B26CCC55900C8462A /* Project object */;
}
